{
  "name": "ridelink-cbsd-monorepo",
  "version": "0.0.0",
  "lockfileVersion": 3,
  "requires": true,
  "packages": {
    "": {
      "name": "ridelink-cbsd-monorepo",
      "version": "0.0.0",
      "workspaces": [
        "packages/*",
        "apps/*"
      ]
    },
    "apps/feature-x-app": {
      "name": "@ridelink/feature-x-app",
      "version": "0.0.0",
      "license": "ISC",
      "dependencies": {
        "@ridelink/feature-x": "0.0.0",
        "@ridelink/ui-components": "0.0.0",
        "@ridelink/utils": "0.0.0"
      }
    },
    "apps/feature-y-app": {
      "name": "@ridelink/feature-y-app",
      "version": "0.0.0",
      "license": "ISC",
      "dependencies": {
        "@ridelink/feature-y": "0.0.0",
        "@ridelink/ui-components": "0.0.0",
        "@ridelink/utils": "0.0.0"
      }
    },
    "node_modules/@ridelink/feature-x": {
      "resolved": "packages/feature-x",
      "link": true
    },
    "node_modules/@ridelink/feature-x-app": {
      "resolved": "apps/feature-x-app",
      "link": true
    },
    "node_modules/@ridelink/feature-y": {
      "resolved": "packages/feature-y",
      "link": true
    },
    "node_modules/@ridelink/feature-y-app": {
      "resolved": "apps/feature-y-app",
      "link": true
    },
    "node_modules/@ridelink/ui-components": {
      "resolved": "packages/ui-components",
      "link": true
    },
    "node_modules/@ridelink/utils": {
      "resolved": "packages/utils",
      "link": true
    },
    "packages/feature-x": {
      "name": "@ridelink/feature-x",
      "version": "0.0.0",
      "license": "ISC",
      "dependencies": {
        "@ridelink/ui-components": "0.0.0",
        "@ridelink/utils": "0.0.0"
      }
    },
    "packages/feature-y": {
      "name": "@ridelink/feature-y",
      "version": "0.0.0",
      "license": "ISC",
      "dependencies": {
        "@ridelink/ui-components": "0.0.0",
        "@ridelink/utils": "0.0.0"
      }
    },
    "packages/ui-components": {
      "name": "@ridelink/ui-components",
      "version": "0.0.0",
      "license": "ISC"
    },
    "packages/utils": {
      "name": "@ridelink/utils",
      "version": "0.0.0",
      "devDependencies": {}
    }
  }
}
